// !$*UTF8*$!
{
	archiveVersion = 1;
	classes = {
	};
	objectVersion = 77;
	objects = {

/* Begin PBXBuildFile section */
		270D2C633004C7B200741225 /* WidgetKit.framework in Frameworks */ = {isa = PBXBuildFile; fileRef = 270D2C623004C7B200741225 /* WidgetKit.framework */; };
		270D2C653004C7B200741225 /* SwiftUI.framework in Frameworks */ = {isa = PBXBuildFile; fileRef = 270D2C643004C7B200741225 /* SwiftUI.framework */; };
		270D2C723004C7B300741225 /* WidgetsExtension.appex in Embed Foundation Extensions */ = {isa = PBXBuildFile; fileRef = 270D2C603004C7B200741225 /* WidgetsExtension.appex */; platformFilters = (ios, macos, xros, ); settings = {ATTRIBUTES = (RemoveHeadersOnCopy, ); }; };
		27BC63E72FBDBEA8005EAD5C /* SwiftVLC in Frameworks */ = {isa = PBXBuildFile; productRef = 27BC63E62FBDBEA8005EAD5C /* SwiftVLC */; };
		27BC63ED2FBDBF1E005EAD5C /* Kingfisher in Frameworks */ = {isa = PBXBuildFile; productRef = 27BC63EC2FBDBF1E005EAD5C /* Kingfisher */; };
		27BC63F02FBDBF68005EAD5C /* Drops in Frameworks */ = {isa = PBXBuildFile; productRef = 27BC63EF2FBDBF68005EAD5C /* Drops */; };
		27CF16C2000000000000A551 /* Shared Assets.xcassets in Resources */ = {isa = PBXBuildFile; fileRef = 27CF16C1000000000000A551 /* Shared Assets.xcassets */; };
/* End PBXBuildFile section */

/* Begin PBXContainerItemProxy section */
		270D2C703004C7B300741225 /* PBXContainerItemProxy */ = {
			isa = PBXContainerItemProxy;
			containerPortal = 27BC63AE2FBDBE64005EAD5C /* Project object */;
			proxyType = 1;
			remoteGlobalIDString = 270D2C5F3004C7B200741225;
			remoteInfo = WidgetsExtension;
		};
		27BC63C82FBDBE65005EAD5C /* PBXContainerItemProxy */ = {
			isa = PBXContainerItemProxy;
			containerPortal = 27BC63AE2FBDBE64005EAD5C /* Project object */;
			proxyType = 1;
			remoteGlobalIDString = 27BC63B52FBDBE64005EAD5C;
			remoteInfo = Edendale;
		};
		27BC63D22FBDBE65005EAD5C /* PBXContainerItemProxy */ = {
			isa = PBXContainerItemProxy;
			containerPortal = 27BC63AE2FBDBE64005EAD5C /* Project object */;
			proxyType = 1;
			remoteGlobalIDString = 27BC63B52FBDBE64005EAD5C;
			remoteInfo = Edendale;
		};
/* End PBXContainerItemProxy section */

/* Begin PBXCopyFilesBuildPhase section */
		270D2C773004C7B300741225 /* Embed Foundation Extensions */ = {
			isa = PBXCopyFilesBuildPhase;
			buildActionMask = 2147483647;
			dstPath = "";
			dstSubfolderSpec = 13;
			files = (
				270D2C723004C7B300741225 /* WidgetsExtension.appex in Embed Foundation Extensions */,
			);
			name = "Embed Foundation Extensions";
			runOnlyForDeploymentPostprocessing = 0;
		};
/* End PBXCopyFilesBuildPhase section */

/* Begin PBXFileReference section */
		270D2C603004C7B200741225 /* WidgetsExtension.appex */ = {isa = PBXFileReference; explicitFileType = "wrapper.app-extension"; includeInIndex = 0; path = WidgetsExtension.appex; sourceTree = BUILT_PRODUCTS_DIR; };
		270D2C623004C7B200741225 /* WidgetKit.framework */ = {isa = PBXFileReference; lastKnownFileType = wrapper.framework; name = WidgetKit.framework; path = /System/Library/Frameworks/WidgetKit.framework; sourceTree = "<absolute>"; };
		270D2C643004C7B200741225 /* SwiftUI.framework */ = {isa = PBXFileReference; lastKnownFileType = wrapper.framework; name = SwiftUI.framework; path = /System/Library/Frameworks/SwiftUI.framework; sourceTree = "<absolute>"; };
		27BC63B62FBDBE64005EAD5C /* Edendale.app */ = {isa = PBXFileReference; explicitFileType = wrapper.application; includeInIndex = 0; path = Edendale.app; sourceTree = BUILT_PRODUCTS_DIR; };
		27BC63C72FBDBE65005EAD5C /* EdendaleTests.xctest */ = {isa = PBXFileReference; explicitFileType = wrapper.cfbundle; includeInIndex = 0; path = EdendaleTests.xctest; sourceTree = BUILT_PRODUCTS_DIR; };
		27BC63D12FBDBE65005EAD5C /* EdendaleUITests.xctest */ = {isa = PBXFileReference; explicitFileType = wrapper.cfbundle; includeInIndex = 0; path = EdendaleUITests.xctest; sourceTree = BUILT_PRODUCTS_DIR; };
		27CF16C0000000000000C0F1 /* Secrets.xcconfig */ = {isa = PBXFileReference; lastKnownFileType = text.xcconfig; name = Secrets.xcconfig; path = Shared/Secrets.xcconfig; sourceTree = "<group>"; };
		27CF16C1000000000000A551 /* Shared Assets.xcassets */ = {isa = PBXFileReference; lastKnownFileType = folder.assetcatalog; name = "Shared Assets.xcassets"; path = Shared/Assets.xcassets; sourceTree = SOURCE_ROOT; };
/* End PBXFileReference section */

/* Begin PBXFileSystemSynchronizedBuildFileExceptionSet section */
		270D2C763004C7B300741225 /* Exceptions for "Widgets" folder in "WidgetsExtension" target */ = {
			isa = PBXFileSystemSynchronizedBuildFileExceptionSet;
			membershipExceptions = (
				Info.plist,
			);
			target = 270D2C5F3004C7B200741225 /* WidgetsExtension */;
		};
		272FE0663007C3CE00900892 /* Exceptions for "Shared" folder in "WidgetsExtension" target */ = {
			isa = PBXFileSystemSynchronizedBuildFileExceptionSet;
			membershipExceptions = (
				Localizable.xcstrings,
			);
			target = 270D2C5F3004C7B200741225 /* WidgetsExtension */;
		};
		2758F9DD2FDEA39F00D779E6 /* Exceptions for "Shared" folder in "Edendale" target */ = {
			isa = PBXFileSystemSynchronizedBuildFileExceptionSet;
			membershipExceptions = (
				Example.xcconfig,
			);
			target = 27BC63B52FBDBE64005EAD5C /* Edendale */;
		};
		27BC63D92FBDBE65005EAD5C /* Exceptions for "Edendale" folder in "Edendale" target */ = {
			isa = PBXFileSystemSynchronizedBuildFileExceptionSet;
			membershipExceptions = (
				Info.plist,
			);
			target = 27BC63B52FBDBE64005EAD5C /* Edendale */;
		};
/* End PBXFileSystemSynchronizedBuildFileExceptionSet section */

/* Begin PBXFileSystemSynchronizedRootGroup section */
		270D2C663004C7B200741225 /* Widgets */ = {
			isa = PBXFileSystemSynchronizedRootGroup;
			exceptions = (
				270D2C763004C7B300741225 /* Exceptions for "Widgets" folder in "WidgetsExtension" target */,
			);
			path = Widgets;
			sourceTree = "<group>";
		};
		27BC63B82FBDBE64005EAD5C /* Edendale */ = {
			isa = PBXFileSystemSynchronizedRootGroup;
			exceptions = (
				27BC63D92FBDBE65005EAD5C /* Exceptions for "Edendale" folder in "Edendale" target */,
			);
			path = Edendale;
			sourceTree = "<group>";
		};
		27BC63CA2FBDBE65005EAD5C /* EdendaleTests */ = {
			isa = PBXFileSystemSynchronizedRootGroup;
			path = EdendaleTests;
			sourceTree = "<group>";
		};
		27BC63D42FBDBE65005EAD5C /* EdendaleUITests */ = {
			isa = PBXFileSystemSynchronizedRootGroup;
			path = EdendaleUITests;
			sourceTree = "<group>";
		};
		27BC63F12FBDC061005EAD5C /* Shared */ = {
			isa = PBXFileSystemSynchronizedRootGroup;
			exceptions = (
				2758F9DD2FDEA39F00D779E6 /* Exceptions for "Shared" folder in "Edendale" target */,
				272FE0663007C3CE00900892 /* Exceptions for "Shared" folder in "WidgetsExtension" target */,
			);
			path = Shared;
			sourceTree = "<group>";
		};
/* End PBXFileSystemSynchronizedRootGroup section */

/* Begin PBXFrameworksBuildPhase section */
		270D2C5D3004C7B200741225 /* Frameworks */ = {
			isa = PBXFrameworksBuildPhase;
			buildActionMask = 2147483647;
			files = (
				270D2C653004C7B200741225 /* SwiftUI.framework in Frameworks */,
				270D2C633004C7B200741225 /* WidgetKit.framework in Frameworks */,
			);
			runOnlyForDeploymentPostprocessing = 0;
		};
		27BC63B32FBDBE64005EAD5C /* Frameworks */ = {
			isa = PBXFrameworksBuildPhase;
			buildActionMask = 2147483647;
			files = (
				27BC63ED2FBDBF1E005EAD5C /* Kingfisher in Frameworks */,
				27BC63F02FBDBF68005EAD5C /* Drops in Frameworks */,
				27BC63E72FBDBEA8005EAD5C /* SwiftVLC in Frameworks */,
			);
			runOnlyForDeploymentPostprocessing = 0;
		};
		27BC63C42FBDBE65005EAD5C /* Frameworks */ = {
			isa = PBXFrameworksBuildPhase;
			buildActionMask = 2147483647;
			files = (
			);
			runOnlyForDeploymentPostprocessing = 0;
		};
		27BC63CE2FBDBE65005EAD5C /* Frameworks */ = {
			isa = PBXFrameworksBuildPhase;
			buildActionMask = 2147483647;
			files = (
			);
			runOnlyForDeploymentPostprocessing = 0;
		};
/* End PBXFrameworksBuildPhase section */

/* Begin PBXGroup section */
		270D2C613004C7B200741225 /* Frameworks */ = {
			isa = PBXGroup;
			children = (
				270D2C623004C7B200741225 /* WidgetKit.framework */,
				270D2C643004C7B200741225 /* SwiftUI.framework */,
			);
			name = Frameworks;
			sourceTree = "<group>";
		};
		277905D82FFD27CC00F49E6F /* Recovered References */ = {
			isa = PBXGroup;
			children = (
				27CF16C0000000000000C0F1 /* Secrets.xcconfig */,
				27CF16C1000000000000A551 /* Shared Assets.xcassets */,
			);
			name = "Recovered References";
			sourceTree = "<group>";
		};
		27BC63AD2FBDBE64005EAD5C = {
			isa = PBXGroup;
			children = (
				27BC63F12FBDC061005EAD5C /* Shared */,
				27BC63B82FBDBE64005EAD5C /* Edendale */,
				27BC63CA2FBDBE65005EAD5C /* EdendaleTests */,
				27BC63D42FBDBE65005EAD5C /* EdendaleUITests */,
				270D2C663004C7B200741225 /* Widgets */,
				270D2C613004C7B200741225 /* Frameworks */,
				27BC63B72FBDBE64005EAD5C /* Products */,
				277905D82FFD27CC00F49E6F /* Recovered References */,
			);
			sourceTree = "<group>";
		};
		27BC63B72FBDBE64005EAD5C /* Products */ = {
			isa = PBXGroup;
			children = (
				27BC63B62FBDBE64005EAD5C /* Edendale.app */,
				27BC63C72FBDBE65005EAD5C /* EdendaleTests.xctest */,
				27BC63D12FBDBE65005EAD5C /* EdendaleUITests.xctest */,
				270D2C603004C7B200741225 /* WidgetsExtension.appex */,
			);
			name = Products;
			sourceTree = "<group>";
		};
/* End PBXGroup section */

/* Begin PBXNativeTarget section */
		270D2C5F3004C7B200741225 /* WidgetsExtension */ = {
			isa = PBXNativeTarget;
			buildConfigurationList = 270D2C733004C7B300741225 /* Build configuration list for PBXNativeTarget "WidgetsExtension" */;
			buildPhases = (
				270D2C5C3004C7B200741225 /* Sources */,
				270D2C5D3004C7B200741225 /* Frameworks */,
				270D2C5E3004C7B200741225 /* Resources */,
			);
			buildRules = (
			);
			dependencies = (
			);
			fileSystemSynchronizedGroups = (
				270D2C663004C7B200741225 /* Widgets */,
			);
			name = WidgetsExtension;
			packageProductDependencies = (
			);
			productName = WidgetsExtension;
			productReference = 270D2C603004C7B200741225 /* WidgetsExtension.appex */;
			productType = "com.apple.product-type.app-extension";
		};
		27BC63B52FBDBE64005EAD5C /* Edendale */ = {
			isa = PBXNativeTarget;
			buildConfigurationList = 27BC63DA2FBDBE65005EAD5C /* Build configuration list for PBXNativeTarget "Edendale" */;
			buildPhases = (
				27BC63B22FBDBE64005EAD5C /* Sources */,
				27BC63B32FBDBE64005EAD5C /* Frameworks */,
				27BC63B42FBDBE64005EAD5C /* Resources */,
				270D2C773004C7B300741225 /* Embed Foundation Extensions */,
			);
			buildRules = (
			);
			dependencies = (
				270D2C713004C7B300741225 /* PBXTargetDependency */,
			);
			fileSystemSynchronizedGroups = (
				27BC63B82FBDBE64005EAD5C /* Edendale */,
				27BC63F12FBDC061005EAD5C /* Shared */,
			);
			name = Edendale;
			packageProductDependencies = (
				27BC63E62FBDBEA8005EAD5C /* SwiftVLC */,
				27BC63EC2FBDBF1E005EAD5C /* Kingfisher */,
				27BC63EF2FBDBF68005EAD5C /* Drops */,
			);
			productName = Edendale;
			productReference = 27BC63B62FBDBE64005EAD5C /* Edendale.app */;
			productType = "com.apple.product-type.application";
		};
		27BC63C62FBDBE65005EAD5C /* EdendaleTests */ = {
			isa = PBXNativeTarget;
			buildConfigurationList = 27BC63DF2FBDBE65005EAD5C /* Build configuration list for PBXNativeTarget "EdendaleTests" */;
			buildPhases = (
				27BC63C32FBDBE65005EAD5C /* Sources */,
				27BC63C42FBDBE65005EAD5C /* Frameworks */,
				27BC63C52FBDBE65005EAD5C /* Resources */,
			);
			buildRules = (
			);
			dependencies = (
				27BC63C92FBDBE65005EAD5C /* PBXTargetDependency */,
			);
			fileSystemSynchronizedGroups = (
				27BC63CA2FBDBE65005EAD5C /* EdendaleTests */,
			);
			name = EdendaleTests;
			packageProductDependencies = (
			);
			productName = EdendaleTests;
			productReference = 27BC63C72FBDBE65005EAD5C /* EdendaleTests.xctest */;
			productType = "com.apple.product-type.bundle.unit-test";
		};
		27BC63D02FBDBE65005EAD5C /* EdendaleUITests */ = {
			isa = PBXNativeTarget;
			buildConfigurationList = 27BC63E22FBDBE65005EAD5C /* Build configuration list for PBXNativeTarget "EdendaleUITests" */;
			buildPhases = (
				27BC63CD2FBDBE65005EAD5C /* Sources */,
				27BC63CE2FBDBE65005EAD5C /* Frameworks */,
				27BC63CF2FBDBE65005EAD5C /* Resources */,
			);
			buildRules = (
			);
			dependencies = (
				27BC63D32FBDBE65005EAD5C /* PBXTargetDependency */,
			);
			fileSystemSynchronizedGroups = (
				27BC63D42FBDBE65005EAD5C /* EdendaleUITests */,
			);
			name = EdendaleUITests;
			packageProductDependencies = (
			);
			productName = EdendaleUITests;
			productReference = 27BC63D12FBDBE65005EAD5C /* EdendaleUITests.xctest */;
			productType = "com.apple.product-type.bundle.ui-testing";
		};
/* End PBXNativeTarget section */

/* Begin PBXProject section */
		27BC63AE2FBDBE64005EAD5C /* Project object */ = {
			isa = PBXProject;
			attributes = {
				BuildIndependentTargetsInParallel = 1;
				LastSwiftUpdateCheck = 2660;
				LastUpgradeCheck = 2650;
				TargetAttributes = {
					270D2C5F3004C7B200741225 = {
						CreatedOnToolsVersion = 26.6;
					};
					27BC63B52FBDBE64005EAD5C = {
						CreatedOnToolsVersion = 26.5;
					};
					27BC63C62FBDBE65005EAD5C = {
						CreatedOnToolsVersion = 26.5;
						TestTargetID = 27BC63B52FBDBE64005EAD5C;
					};
					27BC63D02FBDBE65005EAD5C = {
						CreatedOnToolsVersion = 26.5;
						TestTargetID = 27BC63B52FBDBE64005EAD5C;
					};
				};
			};
			buildConfigurationList = 27BC63B12FBDBE64005EAD5C /* Build configuration list for PBXProject "Edendale" */;
			developmentRegion = en;
			hasScannedForEncodings = 0;
			knownRegions = (
				de,
				en,
				"en-AU",
				"en-CA",
				"en-GB",
				"en-US",
				"es-ES",
				"es-MX",
				fr,
				it,
				ja,
				ko,
				nl,
				"pt-BR",
				"pt-PT",
				ru,
				sv,
				"zh-Hans",
				"zh-Hant",
				Base,
			);
			mainGroup = 27BC63AD2FBDBE64005EAD5C;
			minimizedProjectReferenceProxies = 1;
			packageReferences = (
				27BC63E52FBDBEA8005EAD5C /* XCRemoteSwiftPackageReference "SwiftVLC" */,
				27BC63EB2FBDBF1E005EAD5C /* XCRemoteSwiftPackageReference "Kingfisher" */,
				27BC63EE2FBDBF68005EAD5C /* XCRemoteSwiftPackageReference "Drops" */,
			);
			preferredProjectObjectVersion = 77;
			productRefGroup = 27BC63B72FBDBE64005EAD5C /* Products */;
			projectDirPath = "";
			projectRoot = "";
			targets = (
				27BC63B52FBDBE64005EAD5C /* Edendale */,
				27BC63C62FBDBE65005EAD5C /* EdendaleTests */,
				27BC63D02FBDBE65005EAD5C /* EdendaleUITests */,
				270D2C5F3004C7B200741225 /* WidgetsExtension */,
			);
		};
/* End PBXProject section */

/* Begin PBXResourcesBuildPhase section */
		270D2C5E3004C7B200741225 /* Resources */ = {
			isa = PBXResourcesBuildPhase;
			buildActionMask = 2147483647;
			files = (
				27CF16C2000000000000A551 /* Shared Assets.xcassets in Resources */,
			);
			runOnlyForDeploymentPostprocessing = 0;
		};
		27BC63B42FBDBE64005EAD5C /* Resources */ = {
			isa = PBXResourcesBuildPhase;
			buildActionMask = 2147483647;
			files = (
			);
			runOnlyForDeploymentPostprocessing = 0;
		};
		27BC63C52FBDBE65005EAD5C /* Resources */ = {
			isa = PBXResourcesBuildPhase;
			buildActionMask = 2147483647;
			files = (
			);
			runOnlyForDeploymentPostprocessing = 0;
		};
		27BC63CF2FBDBE65005EAD5C /* Resources */ = {
			isa = PBXResourcesBuildPhase;
			buildActionMask = 2147483647;
			files = (
			);
			runOnlyForDeploymentPostprocessing = 0;
		};
/* End PBXResourcesBuildPhase section */

/* Begin PBXSourcesBuildPhase section */
		270D2C5C3004C7B200741225 /* Sources */ = {
			isa = PBXSourcesBuildPhase;
			buildActionMask = 2147483647;
			files = (
			);
			runOnlyForDeploymentPostprocessing = 0;
		};
		27BC63B22FBDBE64005EAD5C /* Sources */ = {
			isa = PBXSourcesBuildPhase;
			buildActionMask = 2147483647;
			files = (
			);
			runOnlyForDeploymentPostprocessing = 0;
		};
		27BC63C32FBDBE65005EAD5C /* Sources */ = {
			isa = PBXSourcesBuildPhase;
			buildActionMask = 2147483647;
			files = (
			);
			runOnlyForDeploymentPostprocessing = 0;
		};
		27BC63CD2FBDBE65005EAD5C /* Sources */ = {
			isa = PBXSourcesBuildPhase;
			buildActionMask = 2147483647;
			files = (
			);
			runOnlyForDeploymentPostprocessing = 0;
		};
/* End PBXSourcesBuildPhase section */

/* Begin PBXTargetDependency section */
		270D2C713004C7B300741225 /* PBXTargetDependency */ = {
			isa = PBXTargetDependency;
			platformFilters = (
				ios,
				macos,
				xros,
			);
			target = 270D2C5F3004C7B200741225 /* WidgetsExtension */;
			targetProxy = 270D2C703004C7B300741225 /* PBXContainerItemProxy */;
		};
		27BC63C92FBDBE65005EAD5C /* PBXTargetDependency */ = {
			isa = PBXTargetDependency;
			target = 27BC63B52FBDBE64005EAD5C /* Edendale */;
			targetProxy = 27BC63C82FBDBE65005EAD5C /* PBXContainerItemProxy */;
		};
		27BC63D32FBDBE65005EAD5C /* PBXTargetDependency */ = {
			isa = PBXTargetDependency;
			target = 27BC63B52FBDBE64005EAD5C /* Edendale */;
			targetProxy = 27BC63D22FBDBE65005EAD5C /* PBXContainerItemProxy */;
		};
/* End PBXTargetDependency section */

/* Begin XCBuildConfiguration section */
		270D2C743004C7B300741225 /* Debug */ = {
			isa = XCBuildConfiguration;
			buildSettings = {
				APPLICATION_EXTENSION_API_ONLY = YES;
				ASSETCATALOG_COMPILER_GENERATE_SWIFT_ASSET_SYMBOL_EXTENSIONS = NO;
				ASSETCATALOG_COMPILER_GLOBAL_ACCENT_COLOR_NAME = AccentColor;
				ASSETCATALOG_COMPILER_WIDGET_BACKGROUND_COLOR_NAME = Background;
				CODE_SIGN_ENTITLEMENTS = Widgets/Widgets.entitlements;
				CODE_SIGN_STYLE = Automatic;
				CURRENT_PROJECT_VERSION = 4;
				DEVELOPMENT_TEAM = 5678544286;
				ENABLE_APP_SANDBOX = YES;
				ENABLE_HARDENED_RUNTIME = YES;
				ENABLE_OUTGOING_NETWORK_CONNECTIONS = YES;
				GENERATE_INFOPLIST_FILE = YES;
				INFOPLIST_FILE = Widgets/Info.plist;
				INFOPLIST_KEY_CFBundleDisplayName = "Edendale Widgets";
				INFOPLIST_KEY_NSHumanReadableCopyright = "";
				IPHONEOS_DEPLOYMENT_TARGET = 18.0;
				LD_RUNPATH_SEARCH_PATHS = (
					"$(inherited)",
					"@executable_path/Frameworks",
					"@executable_path/../../Frameworks",
				);
				"LD_RUNPATH_SEARCH_PATHS[sdk=macosx*]" = (
					"$(inherited)",
					"@executable_path/../Frameworks",
					"@executable_path/../../../../Frameworks",
				);
				MACOSX_DEPLOYMENT_TARGET = 15.0;
				MARKETING_VERSION = 0.26;
				PRODUCT_BUNDLE_IDENTIFIER = com.BaBaSaMa.Edendale.Widgets;
				PRODUCT_NAME = "$(TARGET_NAME)";
				SDKROOT = auto;
				SKIP_INSTALL = YES;
				STRING_CATALOG_GENERATE_SYMBOLS = YES;
				SUPPORTED_PLATFORMS = "iphoneos iphonesimulator macosx xros xrsimulator";
				SWIFT_APPROACHABLE_CONCURRENCY = YES;
				SWIFT_EMIT_LOC_STRINGS = YES;
				SWIFT_UPCOMING_FEATURE_MEMBER_IMPORT_VISIBILITY = YES;
				SWIFT_VERSION = 5.0;
				TARGETED_DEVICE_FAMILY = "1,2,7";
				XROS_DEPLOYMENT_TARGET = 26.0;
			};
			name = Debug;
		};
		270D2C753004C7B300741225 /* Release */ = {
			isa = XCBuildConfiguration;
			buildSettings = {
				APPLICATION_EXTENSION_API_ONLY = YES;
				ASSETCATALOG_COMPILER_GENERATE_SWIFT_ASSET_SYMBOL_EXTENSIONS = NO;
				ASSETCATALOG_COMPILER_GLOBAL_ACCENT_COLOR_NAME = AccentColor;
				ASSETCATALOG_COMPILER_WIDGET_BACKGROUND_COLOR_NAME = Background;
				CODE_SIGN_ENTITLEMENTS = Widgets/Widgets.entitlements;
				CODE_SIGN_STYLE = Automatic;
				CURRENT_PROJECT_VERSION = 4;
				DEVELOPMENT_TEAM = 5678544286;
				ENABLE_APP_SANDBOX = YES;
				ENABLE_HARDENED_RUNTIME = YES;
				ENABLE_OUTGOING_NETWORK_CONNECTIONS = YES;
				GENERATE_INFOPLIST_FILE = YES;
				INFOPLIST_FILE = Widgets/Info.plist;
				INFOPLIST_KEY_CFBundleDisplayName = "Edendale Widgets";
				INFOPLIST_KEY_NSHumanReadableCopyright = "";
				IPHONEOS_DEPLOYMENT_TARGET = 18.0;
				LD_RUNPATH_SEARCH_PATHS = (
					"$(inherited)",
					"@executable_path/Frameworks",
					"@executable_path/../../Frameworks",
				);
				"LD_RUNPATH_SEARCH_PATHS[sdk=macosx*]" = (
					"$(inherited)",
					"@executable_path/../Frameworks",
					"@executable_path/../../../../Frameworks",
				);
				MACOSX_DEPLOYMENT_TARGET = 15.0;
				MARKETING_VERSION = 0.26;
				PRODUCT_BUNDLE_IDENTIFIER = com.BaBaSaMa.Edendale.Widgets;
				PRODUCT_NAME = "$(TARGET_NAME)";
				SDKROOT = auto;
				SKIP_INSTALL = YES;
				STRING_CATALOG_GENERATE_SYMBOLS = YES;
				SUPPORTED_PLATFORMS = "iphoneos iphonesimulator macosx xros xrsimulator";
				SWIFT_APPROACHABLE_CONCURRENCY = YES;
				SWIFT_EMIT_LOC_STRINGS = YES;
				SWIFT_UPCOMING_FEATURE_MEMBER_IMPORT_VISIBILITY = YES;
				SWIFT_VERSION = 5.0;
				TARGETED_DEVICE_FAMILY = "1,2,7";
				XROS_DEPLOYMENT_TARGET = 26.0;
			};
			name = Release;
		};
		27BC63DB2FBDBE65005EAD5C /* Debug */ = {
			isa = XCBuildConfiguration;
			baseConfigurationReference = 27CF16C0000000000000C0F1 /* Secrets.xcconfig */;
			buildSettings = {
				ASSETCATALOG_COMPILER_APPICON_NAME = AppIcon;
				"ASSETCATALOG_COMPILER_APPICON_NAME[sdk=appletvos*]" = "Brand Assets";
				"ASSETCATALOG_COMPILER_APPICON_NAME[sdk=xros*]" = AppIcon;
				ASSETCATALOG_COMPILER_GLOBAL_ACCENT_COLOR_NAME = AccentColor;
				ASSETCATALOG_COMPILER_INCLUDE_ALL_APPICON_ASSETS = YES;
				CODE_SIGN_ENTITLEMENTS = Edendale/Edendale.entitlements;
				CODE_SIGN_STYLE = Automatic;
				CURRENT_PROJECT_VERSION = 4;
				DEVELOPMENT_TEAM = 5678544286;
				ENABLE_APP_SANDBOX = YES;
				ENABLE_HARDENED_RUNTIME = YES;
				ENABLE_INCOMING_NETWORK_CONNECTIONS = YES;
				ENABLE_OUTGOING_NETWORK_CONNECTIONS = YES;
				ENABLE_PREVIEWS = YES;
				ENABLE_RESOURCE_ACCESS_AUDIO_INPUT = NO;
				ENABLE_RESOURCE_ACCESS_BLUETOOTH = NO;
				ENABLE_RESOURCE_ACCESS_CALENDARS = NO;
				ENABLE_RESOURCE_ACCESS_CAMERA = NO;
				ENABLE_RESOURCE_ACCESS_CONTACTS = NO;
				ENABLE_RESOURCE_ACCESS_LOCATION = NO;
				ENABLE_RESOURCE_ACCESS_PRINTING = NO;
				ENABLE_RESOURCE_ACCESS_USB = NO;
				ENABLE_USER_SELECTED_FILES = readonly;
				GENERATE_INFOPLIST_FILE = YES;
				INFOPLIST_FILE = Edendale/Info.plist;
				INFOPLIST_KEY_CFBundleDisplayName = Edendale;
				INFOPLIST_KEY_LSApplicationCategoryType = "public.app-category.entertainment";
				"INFOPLIST_KEY_UIApplicationSceneManifest_Generation[sdk=iphoneos*]" = YES;
				"INFOPLIST_KEY_UIApplicationSceneManifest_Generation[sdk=iphonesimulator*]" = YES;
				"INFOPLIST_KEY_UIApplicationSupportsIndirectInputEvents[sdk=iphoneos*]" = YES;
				"INFOPLIST_KEY_UIApplicationSupportsIndirectInputEvents[sdk=iphonesimulator*]" = YES;
				"INFOPLIST_KEY_UILaunchScreen_Generation[sdk=iphoneos*]" = YES;
				"INFOPLIST_KEY_UILaunchScreen_Generation[sdk=iphonesimulator*]" = YES;
				"INFOPLIST_KEY_UIStatusBarStyle[sdk=iphoneos*]" = UIStatusBarStyleDefault;
				"INFOPLIST_KEY_UIStatusBarStyle[sdk=iphonesimulator*]" = UIStatusBarStyleDefault;
				INFOPLIST_KEY_UISupportedInterfaceOrientations_iPad = "UIInterfaceOrientationPortrait UIInterfaceOrientationPortraitUpsideDown UIInterfaceOrientationLandscapeLeft UIInterfaceOrientationLandscapeRight";
				INFOPLIST_KEY_UISupportedInterfaceOrientations_iPhone = "UIInterfaceOrientationPortrait UIInterfaceOrientationLandscapeLeft UIInterfaceOrientationLandscapeRight";
				IPHONEOS_DEPLOYMENT_TARGET = 18.0;
				LD_RUNPATH_SEARCH_PATHS = "@executable_path/Frameworks";
				"LD_RUNPATH_SEARCH_PATHS[sdk=macosx*]" = "@executable_path/../Frameworks";
				MACOSX_DEPLOYMENT_TARGET = 15.0;
				MARKETING_VERSION = 0.26;
				PRODUCT_BUNDLE_IDENTIFIER = com.BaBaSaMa.Edendale;
				PRODUCT_NAME = "$(TARGET_NAME)";
				REGISTER_APP_GROUPS = YES;
				SDKROOT = auto;
				STRING_CATALOG_GENERATE_SYMBOLS = YES;
				SUPPORTED_PLATFORMS = "appletvos appletvsimulator iphoneos iphonesimulator macosx xros xrsimulator";
				SUPPORTS_MACCATALYST = NO;
				SWIFT_APPROACHABLE_CONCURRENCY = YES;
				SWIFT_DEFAULT_ACTOR_ISOLATION = MainActor;
				SWIFT_EMIT_LOC_STRINGS = YES;
				SWIFT_UPCOMING_FEATURE_MEMBER_IMPORT_VISIBILITY = YES;
				SWIFT_VERSION = 5.0;
				TARGETED_DEVICE_FAMILY = "1,2,3,7";
				TVOS_DEPLOYMENT_TARGET = 18.0;
				XROS_DEPLOYMENT_TARGET = 2.0;
			};
			name = Debug;
		};
		27BC63DC2FBDBE65005EAD5C /* Release */ = {
			isa = XCBuildConfiguration;
			baseConfigurationReference = 27CF16C0000000000000C0F1 /* Secrets.xcconfig */;
			buildSettings = {
				ASSETCATALOG_COMPILER_APPICON_NAME = AppIcon;
				"ASSETCATALOG_COMPILER_APPICON_NAME[sdk=appletvos*]" = "Brand Assets";
				"ASSETCATALOG_COMPILER_APPICON_NAME[sdk=xros*]" = AppIcon;
				ASSETCATALOG_COMPILER_GLOBAL_ACCENT_COLOR_NAME = AccentColor;
				ASSETCATALOG_COMPILER_INCLUDE_ALL_APPICON_ASSETS = YES;
				CODE_SIGN_ENTITLEMENTS = Edendale/Edendale.entitlements;
				CODE_SIGN_STYLE = Automatic;
				CURRENT_PROJECT_VERSION = 4;
				DEVELOPMENT_TEAM = 5678544286;
				ENABLE_APP_SANDBOX = YES;
				ENABLE_HARDENED_RUNTIME = YES;
				ENABLE_INCOMING_NETWORK_CONNECTIONS = YES;
				ENABLE_OUTGOING_NETWORK_CONNECTIONS = YES;
				ENABLE_PREVIEWS = YES;
				ENABLE_RESOURCE_ACCESS_AUDIO_INPUT = NO;
				ENABLE_RESOURCE_ACCESS_BLUETOOTH = NO;
				ENABLE_RESOURCE_ACCESS_CALENDARS = NO;
				ENABLE_RESOURCE_ACCESS_CAMERA = NO;
				ENABLE_RESOURCE_ACCESS_CONTACTS = NO;
				ENABLE_RESOURCE_ACCESS_LOCATION = NO;
				ENABLE_RESOURCE_ACCESS_PRINTING = NO;
				ENABLE_RESOURCE_ACCESS_USB = NO;
				ENABLE_USER_SELECTED_FILES = readonly;
				GENERATE_INFOPLIST_FILE = YES;
				INFOPLIST_FILE = Edendale/Info.plist;
				INFOPLIST_KEY_CFBundleDisplayName = Edendale;
				INFOPLIST_KEY_LSApplicationCategoryType = "public.app-category.entertainment";
				"INFOPLIST_KEY_UIApplicationSceneManifest_Generation[sdk=iphoneos*]" = YES;
				"INFOPLIST_KEY_UIApplicationSceneManifest_Generation[sdk=iphonesimulator*]" = YES;
				"INFOPLIST_KEY_UIApplicationSupportsIndirectInputEvents[sdk=iphoneos*]" = YES;
				"INFOPLIST_KEY_UIApplicationSupportsIndirectInputEvents[sdk=iphonesimulator*]" = YES;
				"INFOPLIST_KEY_UILaunchScreen_Generation[sdk=iphoneos*]" = YES;
				"INFOPLIST_KEY_UILaunchScreen_Generation[sdk=iphonesimulator*]" = YES;
				"INFOPLIST_KEY_UIStatusBarStyle[sdk=iphoneos*]" = UIStatusBarStyleDefault;
				"INFOPLIST_KEY_UIStatusBarStyle[sdk=iphonesimulator*]" = UIStatusBarStyleDefault;
				INFOPLIST_KEY_UISupportedInterfaceOrientations_iPad = "UIInterfaceOrientationPortrait UIInterfaceOrientationPortraitUpsideDown UIInterfaceOrientationLandscapeLeft UIInterfaceOrientationLandscapeRight";
				INFOPLIST_KEY_UISupportedInterfaceOrientations_iPhone = "UIInterfaceOrientationPortrait UIInterfaceOrientationLandscapeLeft UIInterfaceOrientationLandscapeRight";
				IPHONEOS_DEPLOYMENT_TARGET = 18.0;
				LD_RUNPATH_SEARCH_PATHS = "@executable_path/Frameworks";
				"LD_RUNPATH_SEARCH_PATHS[sdk=macosx*]" = "@executable_path/../Frameworks";
				MACOSX_DEPLOYMENT_TARGET = 15.0;
				MARKETING_VERSION = 0.26;
				PRODUCT_BUNDLE_IDENTIFIER = com.BaBaSaMa.Edendale;
				PRODUCT_NAME = "$(TARGET_NAME)";
				REGISTER_APP_GROUPS = YES;
				SDKROOT = auto;
				STRING_CATALOG_GENERATE_SYMBOLS = YES;
				SUPPORTED_PLATFORMS = "appletvos appletvsimulator iphoneos iphonesimulator macosx xros xrsimulator";
				SUPPORTS_MACCATALYST = NO;
				SWIFT_APPROACHABLE_CONCURRENCY = YES;
				SWIFT_DEFAULT_ACTOR_ISOLATION = MainActor;
				SWIFT_EMIT_LOC_STRINGS = YES;
				SWIFT_UPCOMING_FEATURE_MEMBER_IMPORT_VISIBILITY = YES;
				SWIFT_VERSION = 5.0;
				TARGETED_DEVICE_FAMILY = "1,2,3,7";
				TVOS_DEPLOYMENT_TARGET = 18.0;
				XROS_DEPLOYMENT_TARGET = 2.0;
			};
			name = Release;
		};
		27BC63DD2FBDBE65005EAD5C /* Debug */ = {
			isa = XCBuildConfiguration;
			buildSettings = {
				ALWAYS_SEARCH_USER_PATHS = NO;
				ASSETCATALOG_COMPILER_GENERATE_SWIFT_ASSET_SYMBOL_EXTENSIONS = YES;
				CLANG_ANALYZER_NONNULL = YES;
				CLANG_ANALYZER_NUMBER_OBJECT_CONVERSION = YES_AGGRESSIVE;
				CLANG_CXX_LANGUAGE_STANDARD = "gnu++20";
				CLANG_ENABLE_MODULES = YES;
				CLANG_ENABLE_OBJC_ARC = YES;
				CLANG_ENABLE_OBJC_WEAK = YES;
				CLANG_WARN_BLOCK_CAPTURE_AUTORELEASING = YES;
				CLANG_WARN_BOOL_CONVERSION = YES;
				CLANG_WARN_COMMA = YES;
				CLANG_WARN_CONSTANT_CONVERSION = YES;
				CLANG_WARN_DEPRECATED_OBJC_IMPLEMENTATIONS = YES;
				CLANG_WARN_DIRECT_OBJC_ISA_USAGE = YES_ERROR;
				CLANG_WARN_DOCUMENTATION_COMMENTS = YES;
				CLANG_WARN_EMPTY_BODY = YES;
				CLANG_WARN_ENUM_CONVERSION = YES;
				CLANG_WARN_INFINITE_RECURSION = YES;
				CLANG_WARN_INT_CONVERSION = YES;
				CLANG_WARN_NON_LITERAL_NULL_CONVERSION = YES;
				CLANG_WARN_OBJC_IMPLICIT_RETAIN_SELF = YES;
				CLANG_WARN_OBJC_LITERAL_CONVERSION = YES;
				CLANG_WARN_OBJC_ROOT_CLASS = YES_ERROR;
				CLANG_WARN_QUOTED_INCLUDE_IN_FRAMEWORK_HEADER = YES;
				CLANG_WARN_RANGE_LOOP_ANALYSIS = YES;
				CLANG_WARN_STRICT_PROTOTYPES = YES;
				CLANG_WARN_SUSPICIOUS_MOVE = YES;
				CLANG_WARN_UNGUARDED_AVAILABILITY = YES_AGGRESSIVE;
				CLANG_WARN_UNREACHABLE_CODE = YES;
				CLANG_WARN__DUPLICATE_METHOD_MATCH = YES;
				COPY_PHASE_STRIP = NO;
				DEBUG_INFORMATION_FORMAT = dwarf;
				DEVELOPMENT_TEAM = 5678544286;
				ENABLE_STRICT_OBJC_MSGSEND = YES;
				ENABLE_TESTABILITY = YES;
				ENABLE_USER_SCRIPT_SANDBOXING = YES;
				GCC_C_LANGUAGE_STANDARD = gnu17;
				GCC_DYNAMIC_NO_PIC = NO;
				GCC_NO_COMMON_BLOCKS = YES;
				GCC_OPTIMIZATION_LEVEL = 0;
				GCC_PREPROCESSOR_DEFINITIONS = (
					"DEBUG=1",
					"$(inherited)",
				);
				GCC_WARN_64_TO_32_BIT_CONVERSION = YES;
				GCC_WARN_ABOUT_RETURN_TYPE = YES_ERROR;
				GCC_WARN_UNDECLARED_SELECTOR = YES;
				GCC_WARN_UNINITIALIZED_AUTOS = YES_AGGRESSIVE;
				GCC_WARN_UNUSED_FUNCTION = YES;
				GCC_WARN_UNUSED_VARIABLE = YES;
				LOCALIZATION_PREFERS_STRING_CATALOGS = YES;
				MTL_ENABLE_DEBUG_INFO = INCLUDE_SOURCE;
				MTL_FAST_MATH = YES;
				ONLY_ACTIVE_ARCH = YES;
				SWIFT_ACTIVE_COMPILATION_CONDITIONS = "DEBUG $(inherited)";
				SWIFT_EMIT_LOC_STRINGS = YES;
				SWIFT_OPTIMIZATION_LEVEL = "-Onone";
			};
			name = Debug;
		};
		27BC63DE2FBDBE65005EAD5C /* Release */ = {
			isa = XCBuildConfiguration;
			buildSettings = {
				ALWAYS_SEARCH_USER_PATHS = NO;
				ASSETCATALOG_COMPILER_GENERATE_SWIFT_ASSET_SYMBOL_EXTENSIONS = YES;
				CLANG_ANALYZER_NONNULL = YES;
				CLANG_ANALYZER_NUMBER_OBJECT_CONVERSION = YES_AGGRESSIVE;
				CLANG_CXX_LANGUAGE_STANDARD = "gnu++20";
				CLANG_ENABLE_MODULES = YES;
				CLANG_ENABLE_OBJC_ARC = YES;
				CLANG_ENABLE_OBJC_WEAK = YES;
				CLANG_WARN_BLOCK_CAPTURE_AUTORELEASING = YES;
				CLANG_WARN_BOOL_CONVERSION = YES;
				CLANG_WARN_COMMA = YES;
				CLANG_WARN_CONSTANT_CONVERSION = YES;
				CLANG_WARN_DEPRECATED_OBJC_IMPLEMENTATIONS = YES;
				CLANG_WARN_DIRECT_OBJC_ISA_USAGE = YES_ERROR;
				CLANG_WARN_DOCUMENTATION_COMMENTS = YES;
				CLANG_WARN_EMPTY_BODY = YES;
				CLANG_WARN_ENUM_CONVERSION = YES;
				CLANG_WARN_INFINITE_RECURSION = YES;
				CLANG_WARN_INT_CONVERSION = YES;
				CLANG_WARN_NON_LITERAL_NULL_CONVERSION = YES;
				CLANG_WARN_OBJC_IMPLICIT_RETAIN_SELF = YES;
				CLANG_WARN_OBJC_LITERAL_CONVERSION = YES;
				CLANG_WARN_OBJC_ROOT_CLASS = YES_ERROR;
				CLANG_WARN_QUOTED_INCLUDE_IN_FRAMEWORK_HEADER = YES;
				CLANG_WARN_RANGE_LOOP_ANALYSIS = YES;
				CLANG_WARN_STRICT_PROTOTYPES = YES;
				CLANG_WARN_SUSPICIOUS_MOVE = YES;
				CLANG_WARN_UNGUARDED_AVAILABILITY = YES_AGGRESSIVE;
				CLANG_WARN_UNREACHABLE_CODE = YES;
				CLANG_WARN__DUPLICATE_METHOD_MATCH = YES;
				COPY_PHASE_STRIP = NO;
				DEBUG_INFORMATION_FORMAT = "dwarf-with-dsym";
				DEVELOPMENT_TEAM = 5678544286;
				ENABLE_NS_ASSERTIONS = NO;
				ENABLE_STRICT_OBJC_MSGSEND = YES;
				ENABLE_USER_SCRIPT_SANDBOXING = YES;
				GCC_C_LANGUAGE_STANDARD = gnu17;
				GCC_NO_COMMON_BLOCKS = YES;
				GCC_WARN_64_TO_32_BIT_CONVERSION = YES;
				GCC_WARN_ABOUT_RETURN_TYPE = YES_ERROR;
				GCC_WARN_UNDECLARED_SELECTOR = YES;
				GCC_WARN_UNINITIALIZED_AUTOS = YES_AGGRESSIVE;
				GCC_WARN_UNUSED_FUNCTION = YES;
				GCC_WARN_UNUSED_VARIABLE = YES;
				LOCALIZATION_PREFERS_STRING_CATALOGS = YES;
				MTL_ENABLE_DEBUG_INFO = NO;
				MTL_FAST_MATH = YES;
				SWIFT_COMPILATION_MODE = wholemodule;
				SWIFT_EMIT_LOC_STRINGS = YES;
			};
			name = Release;
		};
		27BC63E02FBDBE65005EAD5C /* Debug */ = {
			isa = XCBuildConfiguration;
			buildSettings = {
				BUNDLE_LOADER = "$(TEST_HOST)";
				CODE_SIGN_STYLE = Automatic;
				CURRENT_PROJECT_VERSION = 1;
				DEVELOPMENT_TEAM = 5678544286;
				GENERATE_INFOPLIST_FILE = YES;
				IPHONEOS_DEPLOYMENT_TARGET = 26.5;
				MACOSX_DEPLOYMENT_TARGET = 26.5;
				MARKETING_VERSION = 1.0;
				PRODUCT_BUNDLE_IDENTIFIER = com.BaBaSaMa.EdendaleTests;
				PRODUCT_NAME = "$(TARGET_NAME)";
				SDKROOT = auto;
				STRING_CATALOG_GENERATE_SYMBOLS = NO;
				SUPPORTED_PLATFORMS = "iphoneos iphonesimulator macosx xros xrsimulator";
				SWIFT_APPROACHABLE_CONCURRENCY = YES;
				SWIFT_EMIT_LOC_STRINGS = NO;
				SWIFT_UPCOMING_FEATURE_MEMBER_IMPORT_VISIBILITY = YES;
				SWIFT_VERSION = 5.0;
				TARGETED_DEVICE_FAMILY = "1,2,7";
				TEST_HOST = "$(BUILT_PRODUCTS_DIR)/Edendale.app/$(BUNDLE_EXECUTABLE_FOLDER_PATH)/Edendale";
				XROS_DEPLOYMENT_TARGET = 26.5;
			};
			name = Debug;
		};
		27BC63E12FBDBE65005EAD5C /* Release */ = {
			isa = XCBuildConfiguration;
			buildSettings = {
				BUNDLE_LOADER = "$(TEST_HOST)";
				CODE_SIGN_STYLE = Automatic;
				CURRENT_PROJECT_VERSION = 1;
				DEVELOPMENT_TEAM = 5678544286;
				GENERATE_INFOPLIST_FILE = YES;
				IPHONEOS_DEPLOYMENT_TARGET = 26.5;
				MACOSX_DEPLOYMENT_TARGET = 26.5;
				MARKETING_VERSION = 1.0;
				PRODUCT_BUNDLE_IDENTIFIER = com.BaBaSaMa.EdendaleTests;
				PRODUCT_NAME = "$(TARGET_NAME)";
				SDKROOT = auto;
				STRING_CATALOG_GENERATE_SYMBOLS = NO;
				SUPPORTED_PLATFORMS = "iphoneos iphonesimulator macosx xros xrsimulator";
				SWIFT_APPROACHABLE_CONCURRENCY = YES;
				SWIFT_EMIT_LOC_STRINGS = NO;
				SWIFT_UPCOMING_FEATURE_MEMBER_IMPORT_VISIBILITY = YES;
				SWIFT_VERSION = 5.0;
				TARGETED_DEVICE_FAMILY = "1,2,7";
				TEST_HOST = "$(BUILT_PRODUCTS_DIR)/Edendale.app/$(BUNDLE_EXECUTABLE_FOLDER_PATH)/Edendale";
				XROS_DEPLOYMENT_TARGET = 26.5;
			};
			name = Release;
		};
		27BC63E32FBDBE65005EAD5C /* Debug */ = {
			isa = XCBuildConfiguration;
			buildSettings = {
				CODE_SIGN_STYLE = Automatic;
				CURRENT_PROJECT_VERSION = 1;
				DEVELOPMENT_TEAM = 5678544286;
				GENERATE_INFOPLIST_FILE = YES;
				IPHONEOS_DEPLOYMENT_TARGET = 26.5;
				MACOSX_DEPLOYMENT_TARGET = 26.5;
				MARKETING_VERSION = 1.0;
				PRODUCT_BUNDLE_IDENTIFIER = com.BaBaSaMa.EdendaleUITests;
				PRODUCT_NAME = "$(TARGET_NAME)";
				SDKROOT = auto;
				STRING_CATALOG_GENERATE_SYMBOLS = NO;
				SUPPORTED_PLATFORMS = "iphoneos iphonesimulator macosx xros xrsimulator";
				SWIFT_APPROACHABLE_CONCURRENCY = YES;
				SWIFT_EMIT_LOC_STRINGS = NO;
				SWIFT_UPCOMING_FEATURE_MEMBER_IMPORT_VISIBILITY = YES;
				SWIFT_VERSION = 5.0;
				TARGETED_DEVICE_FAMILY = "1,2,7";
				TEST_TARGET_NAME = Edendale;
				XROS_DEPLOYMENT_TARGET = 26.5;
			};
			name = Debug;
		};
		27BC63E42FBDBE65005EAD5C /* Release */ = {
			isa = XCBuildConfiguration;
			buildSettings = {
				CODE_SIGN_STYLE = Automatic;
				CURRENT_PROJECT_VERSION = 1;
				DEVELOPMENT_TEAM = 5678544286;
				GENERATE_INFOPLIST_FILE = YES;
				IPHONEOS_DEPLOYMENT_TARGET = 26.5;
				MACOSX_DEPLOYMENT_TARGET = 26.5;
				MARKETING_VERSION = 1.0;
				PRODUCT_BUNDLE_IDENTIFIER = com.BaBaSaMa.EdendaleUITests;
				PRODUCT_NAME = "$(TARGET_NAME)";
				SDKROOT = auto;
				STRING_CATALOG_GENERATE_SYMBOLS = NO;
				SUPPORTED_PLATFORMS = "iphoneos iphonesimulator macosx xros xrsimulator";
				SWIFT_APPROACHABLE_CONCURRENCY = YES;
				SWIFT_EMIT_LOC_STRINGS = NO;
				SWIFT_UPCOMING_FEATURE_MEMBER_IMPORT_VISIBILITY = YES;
				SWIFT_VERSION = 5.0;
				TARGETED_DEVICE_FAMILY = "1,2,7";
				TEST_TARGET_NAME = Edendale;
				XROS_DEPLOYMENT_TARGET = 26.5;
			};
			name = Release;
		};
/* End XCBuildConfiguration section */

/* Begin XCConfigurationList section */
		270D2C733004C7B300741225 /* Build configuration list for PBXNativeTarget "WidgetsExtension" */ = {
			isa = XCConfigurationList;
			buildConfigurations = (
				270D2C743004C7B300741225 /* Debug */,
				270D2C753004C7B300741225 /* Release */,
			);
			defaultConfigurationIsVisible = 0;
			defaultConfigurationName = Release;
		};
		27BC63B12FBDBE64005EAD5C /* Build configuration list for PBXProject "Edendale" */ = {
			isa = XCConfigurationList;
			buildConfigurations = (
				27BC63DD2FBDBE65005EAD5C /* Debug */,
				27BC63DE2FBDBE65005EAD5C /* Release */,
			);
			defaultConfigurationIsVisible = 0;
			defaultConfigurationName = Release;
		};
		27BC63DA2FBDBE65005EAD5C /* Build configuration list for PBXNativeTarget "Edendale" */ = {
			isa = XCConfigurationList;
			buildConfigurations = (
				27BC63DB2FBDBE65005EAD5C /* Debug */,
				27BC63DC2FBDBE65005EAD5C /* Release */,
			);
			defaultConfigurationIsVisible = 0;
			defaultConfigurationName = Release;
		};
		27BC63DF2FBDBE65005EAD5C /* Build configuration list for PBXNativeTarget "EdendaleTests" */ = {
			isa = XCConfigurationList;
			buildConfigurations = (
				27BC63E02FBDBE65005EAD5C /* Debug */,
				27BC63E12FBDBE65005EAD5C /* Release */,
			);
			defaultConfigurationIsVisible = 0;
			defaultConfigurationName = Release;
		};
		27BC63E22FBDBE65005EAD5C /* Build configuration list for PBXNativeTarget "EdendaleUITests" */ = {
			isa = XCConfigurationList;
			buildConfigurations = (
				27BC63E32FBDBE65005EAD5C /* Debug */,
				27BC63E42FBDBE65005EAD5C /* Release */,
			);
			defaultConfigurationIsVisible = 0;
			defaultConfigurationName = Release;
		};
/* End XCConfigurationList section */

/* Begin XCRemoteSwiftPackageReference section */
		27BC63E52FBDBEA8005EAD5C /* XCRemoteSwiftPackageReference "SwiftVLC" */ = {
			isa = XCRemoteSwiftPackageReference;
			repositoryURL = "https://github.com/harflabs/SwiftVLC.git";
			requirement = {
				kind = exactVersion;
				version = 0.8.0;
			};
		};
		27BC63EB2FBDBF1E005EAD5C /* XCRemoteSwiftPackageReference "Kingfisher" */ = {
			isa = XCRemoteSwiftPackageReference;
			repositoryURL = "https://github.com/onevcat/Kingfisher";
			requirement = {
				kind = exactVersion;
				version = 8.9.0;
			};
		};
		27BC63EE2FBDBF68005EAD5C /* XCRemoteSwiftPackageReference "Drops" */ = {
			isa = XCRemoteSwiftPackageReference;
			repositoryURL = "https://github.com/omaralbeik/Drops.git";
			requirement = {
				branch = main;
				kind = branch;
			};
		};
/* End XCRemoteSwiftPackageReference section */

/* Begin XCSwiftPackageProductDependency section */
		27BC63E62FBDBEA8005EAD5C /* SwiftVLC */ = {
			isa = XCSwiftPackageProductDependency;
			package = 27BC63E52FBDBEA8005EAD5C /* XCRemoteSwiftPackageReference "SwiftVLC" */;
			productName = SwiftVLC;
		};
		27BC63EC2FBDBF1E005EAD5C /* Kingfisher */ = {
			isa = XCSwiftPackageProductDependency;
			package = 27BC63EB2FBDBF1E005EAD5C /* XCRemoteSwiftPackageReference "Kingfisher" */;
			productName = Kingfisher;
		};
		27BC63EF2FBDBF68005EAD5C /* Drops */ = {
			isa = XCSwiftPackageProductDependency;
			package = 27BC63EE2FBDBF68005EAD5C /* XCRemoteSwiftPackageReference "Drops" */;
			productName = Drops;
		};
/* End XCSwiftPackageProductDependency section */
	};
	rootObject = 27BC63AE2FBDBE64005EAD5C /* Project object */;
}
